// !$*UTF8*$!
{
	archiveVersion = 1;
	classes = {
	};
	objectVersion = 46;
	objects = {

/* Begin PBXBuildFile section */
		3722503616EE64B70033D294 /* OPSongView.m in Sources */ = {isa = PBXBuildFile; fileRef = 3722503516EE64B70033D294 /* OPSongView.m */; };
		3723970016EE813D00047129 /* testmidi1.mid in Resources */ = {isa = PBXBuildFile; fileRef = 372396FF16EE813D00047129 /* testmidi1.mid */; };
		3768E9A41727303200E4367F /* click2.wav in Resources */ = {isa = PBXBuildFile; fileRef = 3768E9A31727303200E4367F /* click2.wav */; };
		37B26E9216E4FE69003A5CA3 /* santa.mid in Resources */ = {isa = PBXBuildFile; fileRef = 37B26E9116E4FE69003A5CA3 /* santa.mid */; };
		37B26E9516E4FECA003A5CA3 /* OPSong.m in Sources */ = {isa = PBXBuildFile; fileRef = 37B26E8E16E4FCFA003A5CA3 /* OPSong.m */; };
		37B26E9616E4FED0003A5CA3 /* OPMIDIParser.m in Sources */ = {isa = PBXBuildFile; fileRef = 37B26E9016E4FD13003A5CA3 /* OPMIDIParser.m */; };
		37E3C36616F7959400314255 /* DropboxSDK.framework in Frameworks */ = {isa = PBXBuildFile; fileRef = 37E3C36516F7959400314255 /* DropboxSDK.framework */; };
		37E3C36816F795B000314255 /* Security.framework in Frameworks */ = {isa = PBXBuildFile; fileRef = 37E3C36716F795B000314255 /* Security.framework */; };
		6F19BBF016DEBACA000BD656 /* CADebugMacros.cpp in Sources */ = {isa = PBXBuildFile; fileRef = 6F19BBEA16DEBACA000BD656 /* CADebugMacros.cpp */; };
		6F19BBF116DEBACA000BD656 /* CAXException.cpp in Sources */ = {isa = PBXBuildFile; fileRef = 6F19BBEC16DEBACA000BD656 /* CAXException.cpp */; };
		6F19BBF216DEBACA000BD656 /* CAStreamBasicDescription.cpp in Sources */ = {isa = PBXBuildFile; fileRef = 6F19BBEF16DEBACA000BD656 /* CAStreamBasicDescription.cpp */; };
		6F46D0EA16F02FC7003BB603 /* OPTimer.m in Sources */ = {isa = PBXBuildFile; fileRef = 6F46D0E916F02FC7003BB603 /* OPTimer.m */; };
		6F5C3CA11700982F00EC334D /* OPSongPlayer.m in Sources */ = {isa = PBXBuildFile; fileRef = 6F5C3CA01700982F00EC334D /* OPSongPlayer.m */; };
		6F5C3CA41700A98600EC334D /* OPSamplePlayer.m in Sources */ = {isa = PBXBuildFile; fileRef = 6F5C3CA31700A98600EC334D /* OPSamplePlayer.m */; };
		6F63EFCB16CC7BB20017F72E /* UIKit.framework in Frameworks */ = {isa = PBXBuildFile; fileRef = 6F63EFCA16CC7BB20017F72E /* UIKit.framework */; };
		6F63EFCD16CC7BB20017F72E /* Foundation.framework in Frameworks */ = {isa = PBXBuildFile; fileRef = 6F63EFCC16CC7BB20017F72E /* Foundation.framework */; };
		6F63EFCF16CC7BB20017F72E /* CoreGraphics.framework in Frameworks */ = {isa = PBXBuildFile; fileRef = 6F63EFCE16CC7BB20017F72E /* CoreGraphics.framework */; };
		6F63EFD516CC7BB20017F72E /* InfoPlist.strings in Resources */ = {isa = PBXBuildFile; fileRef = 6F63EFD316CC7BB20017F72E /* InfoPlist.strings */; };
		6F63EFD716CC7BB20017F72E /* main.m in Sources */ = {isa = PBXBuildFile; fileRef = 6F63EFD616CC7BB20017F72E /* main.m */; };
		6F63EFDB16CC7BB20017F72E /* OPAppDelegate.m in Sources */ = {isa = PBXBuildFile; fileRef = 6F63EFDA16CC7BB20017F72E /* OPAppDelegate.m */; };
		6F63EFDD16CC7BB20017F72E /* Default.png in Resources */ = {isa = PBXBuildFile; fileRef = 6F63EFDC16CC7BB20017F72E /* Default.png */; };
		6F63EFDF16CC7BB20017F72E /* Default@2x.png in Resources */ = {isa = PBXBuildFile; fileRef = 6F63EFDE16CC7BB20017F72E /* Default@2x.png */; };
		6F63EFE116CC7BB20017F72E /* Default-568h@2x.png in Resources */ = {isa = PBXBuildFile; fileRef = 6F63EFE016CC7BB20017F72E /* Default-568h@2x.png */; };
		6F63EFE416CC7BB20017F72E /* MainStoryboard.storyboard in Resources */ = {isa = PBXBuildFile; fileRef = 6F63EFE216CC7BB20017F72E /* MainStoryboard.storyboard */; };
		6F63EFE716CC7BB20017F72E /* OPViewController.m in Sources */ = {isa = PBXBuildFile; fileRef = 6F63EFE616CC7BB20017F72E /* OPViewController.m */; };
		6F63EFF016CC7C050017F72E /* AVFoundation.framework in Frameworks */ = {isa = PBXBuildFile; fileRef = 6F63EFEF16CC7C050017F72E /* AVFoundation.framework */; };
		6F63EFF216CC7C120017F72E /* Accelerate.framework in Frameworks */ = {isa = PBXBuildFile; fileRef = 6F63EFF116CC7C120017F72E /* Accelerate.framework */; };
		6F85174816DDE2B2001915CC /* OPNote.m in Sources */ = {isa = PBXBuildFile; fileRef = 6F85174716DDE2B2001915CC /* OPNote.m */; };
		6F85174B16DDE6C5001915CC /* OPNoteTranslator.m in Sources */ = {isa = PBXBuildFile; fileRef = 6F85174A16DDE6C5001915CC /* OPNoteTranslator.m */; };
		6FB56F38170DD8240041712F /* Crashlytics.framework in Frameworks */ = {isa = PBXBuildFile; fileRef = 6FB56F37170DD8240041712F /* Crashlytics.framework */; };
		6FF5342416F2B7E30025B606 /* OPFFTView.m in Sources */ = {isa = PBXBuildFile; fileRef = 6FF5342316F2B7E30025B606 /* OPFFTView.m */; };
		6FF5342716F2BA140025B606 /* OPAudioHandler.mm in Sources */ = {isa = PBXBuildFile; fileRef = 6FF5342616F2BA140025B606 /* OPAudioHandler.mm */; };
		6FFD084616ED33BB0011439E /* OPMetronome.m in Sources */ = {isa = PBXBuildFile; fileRef = 6FFD084516ED33BB0011439E /* OPMetronome.m */; };
		6FFD084816ED34080011439E /* click.wav in Resources */ = {isa = PBXBuildFile; fileRef = 6FFD084716ED34080011439E /* click.wav */; };
		6FFD084E16ED73B20011439E /* OPFeedbackView.m in Sources */ = {isa = PBXBuildFile; fileRef = 6FFD084D16ED73B20011439E /* OPFeedbackView.m */; };
		6FFE9D7D16DD90BE0025D71E /* OPMicInput.mm in Sources */ = {isa = PBXBuildFile; fileRef = 6FFE9D7C16DD90BE0025D71E /* OPMicInput.mm */; };
		6FFE9D9216DDB02C0025D71E /* OPAudioHandlerCPP.mm in Sources */ = {isa = PBXBuildFile; fileRef = 6FFE9D9016DDB02C0025D71E /* OPAudioHandlerCPP.mm */; };
		6FFE9D9516DDB1350025D71E /* CADebugPrintf.cpp in Sources */ = {isa = PBXBuildFile; fileRef = 6FFE9D9316DDB1350025D71E /* CADebugPrintf.cpp */; };
		6FFE9DA316DDB5A30025D71E /* AudioToolbox.framework in Frameworks */ = {isa = PBXBuildFile; fileRef = 6FFE9DA216DDB5A30025D71E /* AudioToolbox.framework */; };
		6FFE9DA516DDB5B40025D71E /* QuartzCore.framework in Frameworks */ = {isa = PBXBuildFile; fileRef = 6FFE9DA416DDB5B40025D71E /* QuartzCore.framework */; };
		6FFE9DA816DDC23E0025D71E /* FFTBufferManager.cpp in Sources */ = {isa = PBXBuildFile; fileRef = 6FFE9DA716DDC23E0025D71E /* FFTBufferManager.cpp */; };
		B55234F117296E8C00447F15 /* BUTTON_REC.png in Resources */ = {isa = PBXBuildFile; fileRef = B55234F017296E8C00447F15 /* BUTTON_REC.png */; };
		B55234F417296FED00447F15 /* BUTTON_FF.png in Resources */ = {isa = PBXBuildFile; fileRef = B55234F217296FED00447F15 /* BUTTON_FF.png */; };
		B55234F517296FED00447F15 /* BUTTON_REW.png in Resources */ = {isa = PBXBuildFile; fileRef = B55234F317296FED00447F15 /* BUTTON_REW.png */; };
		B55234F71729729E00447F15 /* SHAPE_LINE.png in Resources */ = {isa = PBXBuildFile; fileRef = B55234F61729729E00447F15 /* SHAPE_LINE.png */; };
		B55234F9172972AF00447F15 /* SHAPE_LINE@2x.png in Resources */ = {isa = PBXBuildFile; fileRef = B55234F8172972AF00447F15 /* SHAPE_LINE@2x.png */; };
		B55234FC172973F700447F15 /* TEXT_TRANSPORT.png in Resources */ = {isa = PBXBuildFile; fileRef = B55234FA172973F700447F15 /* TEXT_TRANSPORT.png */; };
		B55234FD172973F700447F15 /* TEXT_TRANSPORT@2x.png in Resources */ = {isa = PBXBuildFile; fileRef = B55234FB172973F700447F15 /* TEXT_TRANSPORT@2x.png */; };
		B55235011729B32700447F15 /* SLIDER_CAP_LEFT.png in Resources */ = {isa = PBXBuildFile; fileRef = B55234FE1729B32700447F15 /* SLIDER_CAP_LEFT.png */; };
		B55235021729B32700447F15 /* SLIDER_CAP_RIGHT.png in Resources */ = {isa = PBXBuildFile; fileRef = B55234FF1729B32700447F15 /* SLIDER_CAP_RIGHT.png */; };
		B55235031729B32700447F15 /* SLIDER_HEAD_FINAL.png in Resources */ = {isa = PBXBuildFile; fileRef = B55235001729B32700447F15 /* SLIDER_HEAD_FINAL.png */; };
		B55235061729B46D00447F15 /* TEXT_METRONOME.png in Resources */ = {isa = PBXBuildFile; fileRef = B55235041729B46D00447F15 /* TEXT_METRONOME.png */; };
		B55235071729B46D00447F15 /* TEXT_METRONOME@2x.png in Resources */ = {isa = PBXBuildFile; fileRef = B55235051729B46D00447F15 /* TEXT_METRONOME@2x.png */; };
		B552350A1729B58600447F15 /* BUTTON_ONOFF.png in Resources */ = {isa = PBXBuildFile; fileRef = B55235081729B58600447F15 /* BUTTON_ONOFF.png */; };
		B552350B1729B58600447F15 /* BUTTON_ONOFF@2x.png in Resources */ = {isa = PBXBuildFile; fileRef = B55235091729B58600447F15 /* BUTTON_ONOFF@2x.png */; };
		B552350E1729B68500447F15 /* CONTAINER_METRONOME.png in Resources */ = {isa = PBXBuildFile; fileRef = B552350C1729B68500447F15 /* CONTAINER_METRONOME.png */; };
		B552350F1729B68500447F15 /* CONTAINER_METRONOME@2x.png in Resources */ = {isa = PBXBuildFile; fileRef = B552350D1729B68500447F15 /* CONTAINER_METRONOME@2x.png */; };
		B55235111729B95400447F15 /* TAPE_PLAYER.png in Resources */ = {isa = PBXBuildFile; fileRef = B55235101729B95400447F15 /* TAPE_PLAYER.png */; };
		B55235141729BB5F00447F15 /* TEXT_VOLUME.png in Resources */ = {isa = PBXBuildFile; fileRef = B55235121729BB5F00447F15 /* TEXT_VOLUME.png */; };
		B55235151729BB5F00447F15 /* TEXT_VOLUME@2x.png in Resources */ = {isa = PBXBuildFile; fileRef = B55235131729BB5F00447F15 /* TEXT_VOLUME@2x.png */; };
		B55235181729BD4B00447F15 /* CONTAINER_VOLUME.png in Resources */ = {isa = PBXBuildFile; fileRef = B55235161729BD4B00447F15 /* CONTAINER_VOLUME.png */; };
		B55235191729BD4B00447F15 /* CONTAINER_VOLUME@2x.png in Resources */ = {isa = PBXBuildFile; fileRef = B55235171729BD4B00447F15 /* CONTAINER_VOLUME@2x.png */; };
		B552351C1729C0FA00447F15 /* TEXT_FILE.png in Resources */ = {isa = PBXBuildFile; fileRef = B552351A1729C0FA00447F15 /* TEXT_FILE.png */; };
		B552351D1729C0FA00447F15 /* TEXT_FILE@2x.png in Resources */ = {isa = PBXBuildFile; fileRef = B552351B1729C0FA00447F15 /* TEXT_FILE@2x.png */; };
		B552351F1729C44900447F15 /* ICON_ONPITCH.png in Resources */ = {isa = PBXBuildFile; fileRef = B552351E1729C44900447F15 /* ICON_ONPITCH.png */; };
		B55235221729C67B00447F15 /* BUTTON_ONPITCH.png in Resources */ = {isa = PBXBuildFile; fileRef = B55235201729C67B00447F15 /* BUTTON_ONPITCH.png */; };
		B55235231729C67B00447F15 /* BUTTON_ONPITCH@2x.png in Resources */ = {isa = PBXBuildFile; fileRef = B55235211729C67B00447F15 /* BUTTON_ONPITCH@2x.png */; };
		B55235261729C6F900447F15 /* VOLUME_MEASURE.png in Resources */ = {isa = PBXBuildFile; fileRef = B55235241729C6F900447F15 /* VOLUME_MEASURE.png */; };
		B55235271729C6F900447F15 /* VOLUME_MEASURE@2x.png in Resources */ = {isa = PBXBuildFile; fileRef = B55235251729C6F900447F15 /* VOLUME_MEASURE@2x.png */; };
		B55235291729C75100447F15 /* BUTTON_LOAD.png in Resources */ = {isa = PBXBuildFile; fileRef = B55235281729C75100447F15 /* BUTTON_LOAD.png */; };
		B552352C1729C7EB00447F15 /* BUTTON_CLEAR.png in Resources */ = {isa = PBXBuildFile; fileRef = B552352A1729C7EB00447F15 /* BUTTON_CLEAR.png */; };
		B552352D1729C7EB00447F15 /* BUTTON_CLEAR@2x.png in Resources */ = {isa = PBXBuildFile; fileRef = B552352B1729C7EB00447F15 /* BUTTON_CLEAR@2x.png */; };
		B55235301729CC7300447F15 /* BUTTON_DROPBOX.png in Resources */ = {isa = PBXBuildFile; fileRef = B552352E1729CC7300447F15 /* BUTTON_DROPBOX.png */; };
		B55235311729CC7300447F15 /* BUTTON_DROPBOX@2x.png in Resources */ = {isa = PBXBuildFile; fileRef = B552352F1729CC7300447F15 /* BUTTON_DROPBOX@2x.png */; };
		B586C2C3172462C300562A5F /* TEXTUREDBG@2x.png in Resources */ = {isa = PBXBuildFile; fileRef = B586C2C2172462C300562A5F /* TEXTUREDBG@2x.png */; };
		B5E041DE17272E6700FB81C7 /* TEXTUREDBG.png in Resources */ = {isa = PBXBuildFile; fileRef = B5E041DD17272E6700FB81C7 /* TEXTUREDBG.png */; };
		B5E041E9172734F600FB81C7 /* BUTTON_FF@2x.png in Resources */ = {isa = PBXBuildFile; fileRef = B5E041DF172734F500FB81C7 /* BUTTON_FF@2x.png */; };
		B5E041EA172734F600FB81C7 /* BUTTON_LOAD@2x.png in Resources */ = {isa = PBXBuildFile; fileRef = B5E041E0172734F500FB81C7 /* BUTTON_LOAD@2x.png */; };
		B5E041EC172734F600FB81C7 /* BUTTON_PLAY@2x.png in Resources */ = {isa = PBXBuildFile; fileRef = B5E041E2172734F500FB81C7 /* BUTTON_PLAY@2x.png */; };
		B5E041ED172734F600FB81C7 /* BUTTON_REC@2x.png in Resources */ = {isa = PBXBuildFile; fileRef = B5E041E3172734F500FB81C7 /* BUTTON_REC@2x.png */; };
		B5E041EE172734F600FB81C7 /* BUTTON_REW@2x.png in Resources */ = {isa = PBXBuildFile; fileRef = B5E041E4172734F500FB81C7 /* BUTTON_REW@2x.png */; };
		B5E041EF172734F600FB81C7 /* SLIDER_CAP_LEFT@2x.png in Resources */ = {isa = PBXBuildFile; fileRef = B5E041E5172734F500FB81C7 /* SLIDER_CAP_LEFT@2x.png */; };
		B5E041F0172734F600FB81C7 /* SLIDER_CAP_RIGHT@2x.png in Resources */ = {isa = PBXBuildFile; fileRef = B5E041E6172734F500FB81C7 /* SLIDER_CAP_RIGHT@2x.png */; };
		B5E041F1172734F600FB81C7 /* SLIDER_HEAD_FINAL@2x.png in Resources */ = {isa = PBXBuildFile; fileRef = B5E041E7172734F500FB81C7 /* SLIDER_HEAD_FINAL@2x.png */; };
		B5E041F2172734F600FB81C7 /* TAPE_PLAYER@2x.png in Resources */ = {isa = PBXBuildFile; fileRef = B5E041E8172734F600FB81C7 /* TAPE_PLAYER@2x.png */; };
		B5E041F5172738A800FB81C7 /* SCREEN.png in Resources */ = {isa = PBXBuildFile; fileRef = B5E041F3172738A800FB81C7 /* SCREEN.png */; };
		B5E041F6172738A800FB81C7 /* SCREEN@2x.png in Resources */ = {isa = PBXBuildFile; fileRef = B5E041F4172738A800FB81C7 /* SCREEN@2x.png */; };
		B5E041F81728301200FB81C7 /* BUTTON_PLAY.png in Resources */ = {isa = PBXBuildFile; fileRef = B5E041F71728301200FB81C7 /* BUTTON_PLAY.png */; };
/* End PBXBuildFile section */

/* Begin PBXFileReference section */
		3722503416EE64B70033D294 /* OPSongView.h */ = {isa = PBXFileReference; fileEncoding = 4; lastKnownFileType = sourcecode.c.h; path = OPSongView.h; sourceTree = "<group>"; };
		3722503516EE64B70033D294 /* OPSongView.m */ = {isa = PBXFileReference; fileEncoding = 4; lastKnownFileType = sourcecode.c.objc; path = OPSongView.m; sourceTree = "<group>"; };
		372396FF16EE813D00047129 /* testmidi1.mid */ = {isa = PBXFileReference; lastKnownFileType = audio.midi; path = testmidi1.mid; sourceTree = "<group>"; };
		3768E9A31727303200E4367F /* click2.wav */ = {isa = PBXFileReference; lastKnownFileType = audio.wav; path = click2.wav; sourceTree = "<group>"; };
		37B26E8D16E4FCFA003A5CA3 /* OPSong.h */ = {isa = PBXFileReference; lastKnownFileType = sourcecode.c.h; path = OPSong.h; sourceTree = "<group>"; };
		37B26E8E16E4FCFA003A5CA3 /* OPSong.m */ = {isa = PBXFileReference; lastKnownFileType = sourcecode.c.objc; path = OPSong.m; sourceTree = "<group>"; };
		37B26E8F16E4FD13003A5CA3 /* OPMIDIParser.h */ = {isa = PBXFileReference; lastKnownFileType = sourcecode.c.h; path = OPMIDIParser.h; sourceTree = "<group>"; };
		37B26E9016E4FD13003A5CA3 /* OPMIDIParser.m */ = {isa = PBXFileReference; lastKnownFileType = sourcecode.c.objc; path = OPMIDIParser.m; sourceTree = "<group>"; };
		37B26E9116E4FE69003A5CA3 /* santa.mid */ = {isa = PBXFileReference; lastKnownFileType = audio.midi; path = santa.mid; sourceTree = "<group>"; };
		37E3C36516F7959400314255 /* DropboxSDK.framework */ = {isa = PBXFileReference; lastKnownFileType = wrapper.framework; path = DropboxSDK.framework; sourceTree = "<group>"; };
		37E3C36716F795B000314255 /* Security.framework */ = {isa = PBXFileReference; lastKnownFileType = wrapper.framework; name = Security.framework; path = System/Library/Frameworks/Security.framework; sourceTree = SDKROOT; };
		6F19BBE816DEBACA000BD656 /* CABitOperations.h */ = {isa = PBXFileReference; fileEncoding = 4; lastKnownFileType = sourcecode.c.h; path = CABitOperations.h; sourceTree = "<group>"; };
		6F19BBE916DEBACA000BD656 /* CADebugMacros.h */ = {isa = PBXFileReference; fileEncoding = 4; lastKnownFileType = sourcecode.c.h; path = CADebugMacros.h; sourceTree = "<group>"; };
		6F19BBEA16DEBACA000BD656 /* CADebugMacros.cpp */ = {isa = PBXFileReference; fileEncoding = 4; lastKnownFileType = sourcecode.cpp.cpp; path = CADebugMacros.cpp; sourceTree = "<group>"; };
		6F19BBEB16DEBACA000BD656 /* CAXException.h */ = {isa = PBXFileReference; fileEncoding = 4; lastKnownFileType = sourcecode.c.h; path = CAXException.h; sourceTree = "<group>"; };
		6F19BBEC16DEBACA000BD656 /* CAXException.cpp */ = {isa = PBXFileReference; fileEncoding = 4; lastKnownFileType = sourcecode.cpp.cpp; path = CAXException.cpp; sourceTree = "<group>"; };
		6F19BBED16DEBACA000BD656 /* CAMath.h */ = {isa = PBXFileReference; fileEncoding = 4; lastKnownFileType = sourcecode.c.h; path = CAMath.h; sourceTree = "<group>"; };
		6F19BBEE16DEBACA000BD656 /* CAStreamBasicDescription.h */ = {isa = PBXFileReference; fileEncoding = 4; lastKnownFileType = sourcecode.c.h; path = CAStreamBasicDescription.h; sourceTree = "<group>"; };
		6F19BBEF16DEBACA000BD656 /* CAStreamBasicDescription.cpp */ = {isa = PBXFileReference; fileEncoding = 4; lastKnownFileType = sourcecode.cpp.cpp; path = CAStreamBasicDescription.cpp; sourceTree = "<group>"; };
		6F46D0E816F02FC7003BB603 /* OPTimer.h */ = {isa = PBXFileReference; fileEncoding = 4; lastKnownFileType = sourcecode.c.h; path = OPTimer.h; sourceTree = "<group>"; };
		6F46D0E916F02FC7003BB603 /* OPTimer.m */ = {isa = PBXFileReference; fileEncoding = 4; lastKnownFileType = sourcecode.c.objc; path = OPTimer.m; sourceTree = "<group>"; };
		6F5C3C9F1700982F00EC334D /* OPSongPlayer.h */ = {isa = PBXFileReference; fileEncoding = 4; lastKnownFileType = sourcecode.c.h; path = OPSongPlayer.h; sourceTree = "<group>"; };
		6F5C3CA01700982F00EC334D /* OPSongPlayer.m */ = {isa = PBXFileReference; fileEncoding = 4; lastKnownFileType = sourcecode.c.objc; path = OPSongPlayer.m; sourceTree = "<group>"; };
		6F5C3CA21700A98600EC334D /* OPSamplePlayer.h */ = {isa = PBXFileReference; fileEncoding = 4; lastKnownFileType = sourcecode.c.h; path = OPSamplePlayer.h; sourceTree = "<group>"; };
		6F5C3CA31700A98600EC334D /* OPSamplePlayer.m */ = {isa = PBXFileReference; fileEncoding = 4; lastKnownFileType = sourcecode.c.objc; path = OPSamplePlayer.m; sourceTree = "<group>"; };
		6F63EFC716CC7BB20017F72E /* On Pitch.app */ = {isa = PBXFileReference; explicitFileType = wrapper.application; includeInIndex = 0; path = "On Pitch.app"; sourceTree = BUILT_PRODUCTS_DIR; };
		6F63EFCA16CC7BB20017F72E /* UIKit.framework */ = {isa = PBXFileReference; lastKnownFileType = wrapper.framework; name = UIKit.framework; path = System/Library/Frameworks/UIKit.framework; sourceTree = SDKROOT; };
		6F63EFCC16CC7BB20017F72E /* Foundation.framework */ = {isa = PBXFileReference; lastKnownFileType = wrapper.framework; name = Foundation.framework; path = System/Library/Frameworks/Foundation.framework; sourceTree = SDKROOT; };
		6F63EFCE16CC7BB20017F72E /* CoreGraphics.framework */ = {isa = PBXFileReference; lastKnownFileType = wrapper.framework; name = CoreGraphics.framework; path = System/Library/Frameworks/CoreGraphics.framework; sourceTree = SDKROOT; };
		6F63EFD216CC7BB20017F72E /* On Pitch-Info.plist */ = {isa = PBXFileReference; lastKnownFileType = text.plist.xml; path = "On Pitch-Info.plist"; sourceTree = "<group>"; };
		6F63EFD416CC7BB20017F72E /* en */ = {isa = PBXFileReference; lastKnownFileType = text.plist.strings; name = en; path = en.lproj/InfoPlist.strings; sourceTree = "<group>"; };
		6F63EFD616CC7BB20017F72E /* main.m */ = {isa = PBXFileReference; lastKnownFileType = sourcecode.c.objc; path = main.m; sourceTree = "<group>"; };
		6F63EFD816CC7BB20017F72E /* On Pitch-Prefix.pch */ = {isa = PBXFileReference; lastKnownFileType = sourcecode.c.h; path = "On Pitch-Prefix.pch"; sourceTree = "<group>"; };
		6F63EFD916CC7BB20017F72E /* OPAppDelegate.h */ = {isa = PBXFileReference; lastKnownFileType = sourcecode.c.h; path = OPAppDelegate.h; sourceTree = "<group>"; };
		6F63EFDA16CC7BB20017F72E /* OPAppDelegate.m */ = {isa = PBXFileReference; lastKnownFileType = sourcecode.c.objc; path = OPAppDelegate.m; sourceTree = "<group>"; };
		6F63EFDC16CC7BB20017F72E /* Default.png */ = {isa = PBXFileReference; lastKnownFileType = image.png; path = Default.png; sourceTree = "<group>"; };
		6F63EFDE16CC7BB20017F72E /* Default@2x.png */ = {isa = PBXFileReference; lastKnownFileType = image.png; path = "Default@2x.png"; sourceTree = "<group>"; };
		6F63EFE016CC7BB20017F72E /* Default-568h@2x.png */ = {isa = PBXFileReference; lastKnownFileType = image.png; path = "Default-568h@2x.png"; sourceTree = "<group>"; };
		6F63EFE316CC7BB20017F72E /* en */ = {isa = PBXFileReference; lastKnownFileType = file.storyboard; name = en; path = en.lproj/MainStoryboard.storyboard; sourceTree = "<group>"; };
		6F63EFE516CC7BB20017F72E /* OPViewController.h */ = {isa = PBXFileReference; lastKnownFileType = sourcecode.c.h; path = OPViewController.h; sourceTree = "<group>"; };
		6F63EFE616CC7BB20017F72E /* OPViewController.m */ = {isa = PBXFileReference; lastKnownFileType = sourcecode.c.objc; path = OPViewController.m; sourceTree = "<group>"; };
		6F63EFEF16CC7C050017F72E /* AVFoundation.framework */ = {isa = PBXFileReference; lastKnownFileType = wrapper.framework; name = AVFoundation.framework; path = System/Library/Frameworks/AVFoundation.framework; sourceTree = SDKROOT; };
		6F63EFF116CC7C120017F72E /* Accelerate.framework */ = {isa = PBXFileReference; lastKnownFileType = wrapper.framework; name = Accelerate.framework; path = System/Library/Frameworks/Accelerate.framework; sourceTree = SDKROOT; };
		6F85174616DDE2B2001915CC /* OPNote.h */ = {isa = PBXFileReference; fileEncoding = 4; lastKnownFileType = sourcecode.c.h; path = OPNote.h; sourceTree = "<group>"; };
		6F85174716DDE2B2001915CC /* OPNote.m */ = {isa = PBXFileReference; fileEncoding = 4; lastKnownFileType = sourcecode.c.objc; path = OPNote.m; sourceTree = "<group>"; };
		6F85174916DDE6C5001915CC /* OPNoteTranslator.h */ = {isa = PBXFileReference; fileEncoding = 4; lastKnownFileType = sourcecode.c.h; path = OPNoteTranslator.h; sourceTree = "<group>"; };
		6F85174A16DDE6C5001915CC /* OPNoteTranslator.m */ = {isa = PBXFileReference; fileEncoding = 4; lastKnownFileType = sourcecode.c.objc; path = OPNoteTranslator.m; sourceTree = "<group>"; };
		6FB56F37170DD8240041712F /* Crashlytics.framework */ = {isa = PBXFileReference; lastKnownFileType = wrapper.framework; path = Crashlytics.framework; sourceTree = "<group>"; };
		6FF5342216F2B7E30025B606 /* OPFFTView.h */ = {isa = PBXFileReference; fileEncoding = 4; lastKnownFileType = sourcecode.c.h; path = OPFFTView.h; sourceTree = "<group>"; };
		6FF5342316F2B7E30025B606 /* OPFFTView.m */ = {isa = PBXFileReference; fileEncoding = 4; lastKnownFileType = sourcecode.c.objc; path = OPFFTView.m; sourceTree = "<group>"; };
		6FF5342516F2BA140025B606 /* OPAudioHandler.h */ = {isa = PBXFileReference; fileEncoding = 4; lastKnownFileType = sourcecode.c.h; path = OPAudioHandler.h; sourceTree = "<group>"; };
		6FF5342616F2BA140025B606 /* OPAudioHandler.mm */ = {isa = PBXFileReference; fileEncoding = 4; lastKnownFileType = sourcecode.cpp.objcpp; path = OPAudioHandler.mm; sourceTree = "<group>"; };
		6FFD084416ED33BB0011439E /* OPMetronome.h */ = {isa = PBXFileReference; fileEncoding = 4; lastKnownFileType = sourcecode.c.h; path = OPMetronome.h; sourceTree = "<group>"; };
		6FFD084516ED33BB0011439E /* OPMetronome.m */ = {isa = PBXFileReference; fileEncoding = 4; lastKnownFileType = sourcecode.c.objc; path = OPMetronome.m; sourceTree = "<group>"; };
		6FFD084716ED34080011439E /* click.wav */ = {isa = PBXFileReference; lastKnownFileType = audio.wav; path = click.wav; sourceTree = "<group>"; };
		6FFD084C16ED73B20011439E /* OPFeedbackView.h */ = {isa = PBXFileReference; fileEncoding = 4; lastKnownFileType = sourcecode.c.h; path = OPFeedbackView.h; sourceTree = "<group>"; };
		6FFD084D16ED73B20011439E /* OPFeedbackView.m */ = {isa = PBXFileReference; fileEncoding = 4; lastKnownFileType = sourcecode.c.objc; path = OPFeedbackView.m; sourceTree = "<group>"; };
		6FFE9D7B16DD90BE0025D71E /* OPMicInput.h */ = {isa = PBXFileReference; fileEncoding = 4; lastKnownFileType = sourcecode.c.h; path = OPMicInput.h; sourceTree = "<group>"; };
		6FFE9D7C16DD90BE0025D71E /* OPMicInput.mm */ = {isa = PBXFileReference; fileEncoding = 4; lastKnownFileType = sourcecode.cpp.objcpp; path = OPMicInput.mm; sourceTree = "<group>"; };
		6FFE9D9016DDB02C0025D71E /* OPAudioHandlerCPP.mm */ = {isa = PBXFileReference; fileEncoding = 4; lastKnownFileType = sourcecode.cpp.objcpp; path = OPAudioHandlerCPP.mm; sourceTree = "<group>"; };
		6FFE9D9116DDB02C0025D71E /* OPAudioHandlerCPP.h */ = {isa = PBXFileReference; fileEncoding = 4; lastKnownFileType = sourcecode.c.h; path = OPAudioHandlerCPP.h; sourceTree = "<group>"; };
		6FFE9D9316DDB1350025D71E /* CADebugPrintf.cpp */ = {isa = PBXFileReference; fileEncoding = 4; lastKnownFileType = sourcecode.cpp.cpp; path = CADebugPrintf.cpp; sourceTree = "<group>"; };
		6FFE9D9416DDB1350025D71E /* CADebugPrintf.h */ = {isa = PBXFileReference; fileEncoding = 4; lastKnownFileType = sourcecode.c.h; path = CADebugPrintf.h; sourceTree = "<group>"; };
		6FFE9DA216DDB5A30025D71E /* AudioToolbox.framework */ = {isa = PBXFileReference; lastKnownFileType = wrapper.framework; name = AudioToolbox.framework; path = System/Library/Frameworks/AudioToolbox.framework; sourceTree = SDKROOT; };
		6FFE9DA416DDB5B40025D71E /* QuartzCore.framework */ = {isa = PBXFileReference; lastKnownFileType = wrapper.framework; name = QuartzCore.framework; path = System/Library/Frameworks/QuartzCore.framework; sourceTree = SDKROOT; };
		6FFE9DA616DDC23E0025D71E /* FFTBufferManager.h */ = {isa = PBXFileReference; fileEncoding = 4; lastKnownFileType = sourcecode.c.h; path = FFTBufferManager.h; sourceTree = "<group>"; };
		6FFE9DA716DDC23E0025D71E /* FFTBufferManager.cpp */ = {isa = PBXFileReference; fileEncoding = 4; lastKnownFileType = sourcecode.cpp.cpp; path = FFTBufferManager.cpp; sourceTree = "<group>"; };
		B55234F017296E8C00447F15 /* BUTTON_REC.png */ = {isa = PBXFileReference; lastKnownFileType = image.png; path = BUTTON_REC.png; sourceTree = "<group>"; };
		B55234F217296FED00447F15 /* BUTTON_FF.png */ = {isa = PBXFileReference; lastKnownFileType = image.png; path = BUTTON_FF.png; sourceTree = "<group>"; };
		B55234F317296FED00447F15 /* BUTTON_REW.png */ = {isa = PBXFileReference; lastKnownFileType = image.png; path = BUTTON_REW.png; sourceTree = "<group>"; };
		B55234F61729729E00447F15 /* SHAPE_LINE.png */ = {isa = PBXFileReference; lastKnownFileType = image.png; path = SHAPE_LINE.png; sourceTree = "<group>"; };
		B55234F8172972AF00447F15 /* SHAPE_LINE@2x.png */ = {isa = PBXFileReference; lastKnownFileType = image.png; path = "SHAPE_LINE@2x.png"; sourceTree = "<group>"; };
		B55234FA172973F700447F15 /* TEXT_TRANSPORT.png */ = {isa = PBXFileReference; lastKnownFileType = image.png; path = TEXT_TRANSPORT.png; sourceTree = "<group>"; };
		B55234FB172973F700447F15 /* TEXT_TRANSPORT@2x.png */ = {isa = PBXFileReference; lastKnownFileType = image.png; path = "TEXT_TRANSPORT@2x.png"; sourceTree = "<group>"; };
		B55234FE1729B32700447F15 /* SLIDER_CAP_LEFT.png */ = {isa = PBXFileReference; lastKnownFileType = image.png; path = SLIDER_CAP_LEFT.png; sourceTree = "<group>"; };
		B55234FF1729B32700447F15 /* SLIDER_CAP_RIGHT.png */ = {isa = PBXFileReference; lastKnownFileType = image.png; path = SLIDER_CAP_RIGHT.png; sourceTree = "<group>"; };
		B55235001729B32700447F15 /* SLIDER_HEAD_FINAL.png */ = {isa = PBXFileReference; lastKnownFileType = image.png; path = SLIDER_HEAD_FINAL.png; sourceTree = "<group>"; };
		B55235041729B46D00447F15 /* TEXT_METRONOME.png */ = {isa = PBXFileReference; lastKnownFileType = image.png; path = TEXT_METRONOME.png; sourceTree = "<group>"; };
		B55235051729B46D00447F15 /* TEXT_METRONOME@2x.png */ = {isa = PBXFileReference; lastKnownFileType = image.png; path = "TEXT_METRONOME@2x.png"; sourceTree = "<group>"; };
		B55235081729B58600447F15 /* BUTTON_ONOFF.png */ = {isa = PBXFileReference; lastKnownFileType = image.png; path = BUTTON_ONOFF.png; sourceTree = "<group>"; };
		B55235091729B58600447F15 /* BUTTON_ONOFF@2x.png */ = {isa = PBXFileReference; lastKnownFileType = image.png; path = "BUTTON_ONOFF@2x.png"; sourceTree = "<group>"; };
		B552350C1729B68500447F15 /* CONTAINER_METRONOME.png */ = {isa = PBXFileReference; lastKnownFileType = image.png; path = CONTAINER_METRONOME.png; sourceTree = "<group>"; };
		B552350D1729B68500447F15 /* CONTAINER_METRONOME@2x.png */ = {isa = PBXFileReference; lastKnownFileType = image.png; path = "CONTAINER_METRONOME@2x.png"; sourceTree = "<group>"; };
		B55235101729B95400447F15 /* TAPE_PLAYER.png */ = {isa = PBXFileReference; lastKnownFileType = image.png; path = TAPE_PLAYER.png; sourceTree = "<group>"; };
		B55235121729BB5F00447F15 /* TEXT_VOLUME.png */ = {isa = PBXFileReference; lastKnownFileType = image.png; path = TEXT_VOLUME.png; sourceTree = "<group>"; };
		B55235131729BB5F00447F15 /* TEXT_VOLUME@2x.png */ = {isa = PBXFileReference; lastKnownFileType = image.png; path = "TEXT_VOLUME@2x.png"; sourceTree = "<group>"; };
		B55235161729BD4B00447F15 /* CONTAINER_VOLUME.png */ = {isa = PBXFileReference; lastKnownFileType = image.png; path = CONTAINER_VOLUME.png; sourceTree = "<group>"; };
		B55235171729BD4B00447F15 /* CONTAINER_VOLUME@2x.png */ = {isa = PBXFileReference; lastKnownFileType = image.png; path = "CONTAINER_VOLUME@2x.png"; sourceTree = "<group>"; };
		B552351A1729C0FA00447F15 /* TEXT_FILE.png */ = {isa = PBXFileReference; lastKnownFileType = image.png; path = TEXT_FILE.png; sourceTree = "<group>"; };
		B552351B1729C0FA00447F15 /* TEXT_FILE@2x.png */ = {isa = PBXFileReference; lastKnownFileType = image.png; path = "TEXT_FILE@2x.png"; sourceTree = "<group>"; };
		B552351E1729C44900447F15 /* ICON_ONPITCH.png */ = {isa = PBXFileReference; lastKnownFileType = image.png; path = ICON_ONPITCH.png; sourceTree = "<group>"; };
		B55235201729C67B00447F15 /* BUTTON_ONPITCH.png */ = {isa = PBXFileReference; lastKnownFileType = image.png; path = BUTTON_ONPITCH.png; sourceTree = "<group>"; };
		B55235211729C67B00447F15 /* BUTTON_ONPITCH@2x.png */ = {isa = PBXFileReference; lastKnownFileType = image.png; path = "BUTTON_ONPITCH@2x.png"; sourceTree = "<group>"; };
		B55235241729C6F900447F15 /* VOLUME_MEASURE.png */ = {isa = PBXFileReference; lastKnownFileType = image.png; path = VOLUME_MEASURE.png; sourceTree = "<group>"; };
		B55235251729C6F900447F15 /* VOLUME_MEASURE@2x.png */ = {isa = PBXFileReference; lastKnownFileType = image.png; path = "VOLUME_MEASURE@2x.png"; sourceTree = "<group>"; };
		B55235281729C75100447F15 /* BUTTON_LOAD.png */ = {isa = PBXFileReference; lastKnownFileType = image.png; path = BUTTON_LOAD.png; sourceTree = "<group>"; };
		B552352A1729C7EB00447F15 /* BUTTON_CLEAR.png */ = {isa = PBXFileReference; lastKnownFileType = image.png; path = BUTTON_CLEAR.png; sourceTree = "<group>"; };
		B552352B1729C7EB00447F15 /* BUTTON_CLEAR@2x.png */ = {isa = PBXFileReference; lastKnownFileType = image.png; path = "BUTTON_CLEAR@2x.png"; sourceTree = "<group>"; };
		B552352E1729CC7300447F15 /* BUTTON_DROPBOX.png */ = {isa = PBXFileReference; lastKnownFileType = image.png; path = BUTTON_DROPBOX.png; sourceTree = "<group>"; };
		B552352F1729CC7300447F15 /* BUTTON_DROPBOX@2x.png */ = {isa = PBXFileReference; lastKnownFileType = image.png; path = "BUTTON_DROPBOX@2x.png"; sourceTree = "<group>"; };
		B586C2C2172462C300562A5F /* TEXTUREDBG@2x.png */ = {isa = PBXFileReference; lastKnownFileType = image.png; path = "TEXTUREDBG@2x.png"; sourceTree = "<group>"; };
		B5E041DD17272E6700FB81C7 /* TEXTUREDBG.png */ = {isa = PBXFileReference; lastKnownFileType = image.png; path = TEXTUREDBG.png; sourceTree = "<group>"; };
		B5E041DF172734F500FB81C7 /* BUTTON_FF@2x.png */ = {isa = PBXFileReference; lastKnownFileType = image.png; path = "BUTTON_FF@2x.png"; sourceTree = "<group>"; };
		B5E041E0172734F500FB81C7 /* BUTTON_LOAD@2x.png */ = {isa = PBXFileReference; lastKnownFileType = image.png; path = "BUTTON_LOAD@2x.png"; sourceTree = "<group>"; };
		B5E041E2172734F500FB81C7 /* BUTTON_PLAY@2x.png */ = {isa = PBXFileReference; lastKnownFileType = image.png; path = "BUTTON_PLAY@2x.png"; sourceTree = "<group>"; };
		B5E041E3172734F500FB81C7 /* BUTTON_REC@2x.png */ = {isa = PBXFileReference; lastKnownFileType = image.png; path = "BUTTON_REC@2x.png"; sourceTree = "<group>"; };
		B5E041E4172734F500FB81C7 /* BUTTON_REW@2x.png */ = {isa = PBXFileReference; lastKnownFileType = image.png; path = "BUTTON_REW@2x.png"; sourceTree = "<group>"; };
		B5E041E5172734F500FB81C7 /* SLIDER_CAP_LEFT@2x.png */ = {isa = PBXFileReference; lastKnownFileType = image.png; path = "SLIDER_CAP_LEFT@2x.png"; sourceTree = "<group>"; };
		B5E041E6172734F500FB81C7 /* SLIDER_CAP_RIGHT@2x.png */ = {isa = PBXFileReference; lastKnownFileType = image.png; path = "SLIDER_CAP_RIGHT@2x.png"; sourceTree = "<group>"; };
		B5E041E7172734F500FB81C7 /* SLIDER_HEAD_FINAL@2x.png */ = {isa = PBXFileReference; lastKnownFileType = image.png; path = "SLIDER_HEAD_FINAL@2x.png"; sourceTree = "<group>"; };
		B5E041E8172734F600FB81C7 /* TAPE_PLAYER@2x.png */ = {isa = PBXFileReference; lastKnownFileType = image.png; path = "TAPE_PLAYER@2x.png"; sourceTree = "<group>"; };
		B5E041F3172738A800FB81C7 /* SCREEN.png */ = {isa = PBXFileReference; lastKnownFileType = image.png; path = SCREEN.png; sourceTree = "<group>"; };
		B5E041F4172738A800FB81C7 /* SCREEN@2x.png */ = {isa = PBXFileReference; lastKnownFileType = image.png; path = "SCREEN@2x.png"; sourceTree = "<group>"; };
		B5E041F71728301200FB81C7 /* BUTTON_PLAY.png */ = {isa = PBXFileReference; lastKnownFileType = image.png; path = BUTTON_PLAY.png; sourceTree = "<group>"; };
/* End PBXFileReference section */

/* Begin PBXFrameworksBuildPhase section */
		6F63EFC416CC7BB20017F72E /* Frameworks */ = {
			isa = PBXFrameworksBuildPhase;
			buildActionMask = 2147483647;
			files = (
				37E3C36816F795B000314255 /* Security.framework in Frameworks */,
				6FFE9DA516DDB5B40025D71E /* QuartzCore.framework in Frameworks */,
				6FFE9DA316DDB5A30025D71E /* AudioToolbox.framework in Frameworks */,
				6F63EFF216CC7C120017F72E /* Accelerate.framework in Frameworks */,
				6F63EFF016CC7C050017F72E /* AVFoundation.framework in Frameworks */,
				6F63EFCB16CC7BB20017F72E /* UIKit.framework in Frameworks */,
				6F63EFCD16CC7BB20017F72E /* Foundation.framework in Frameworks */,
				6F63EFCF16CC7BB20017F72E /* CoreGraphics.framework in Frameworks */,
				37E3C36616F7959400314255 /* DropboxSDK.framework in Frameworks */,
				6FB56F38170DD8240041712F /* Crashlytics.framework in Frameworks */,
			);
			runOnlyForDeploymentPostprocessing = 0;
		};
/* End PBXFrameworksBuildPhase section */

/* Begin PBXGroup section */
		37B26E9316E4FE6D003A5CA3 /* Resources */ = {
			isa = PBXGroup;
			children = (
				B54E23CB16EE748800335F2F /* Images */,
				6FFD084716ED34080011439E /* click.wav */,
				3768E9A31727303200E4367F /* click2.wav */,
				37B26E9416E4FE74003A5CA3 /* MIDI Files */,
			);
			name = Resources;
			sourceTree = "<group>";
		};
		37B26E9416E4FE74003A5CA3 /* MIDI Files */ = {
			isa = PBXGroup;
			children = (
				372396FF16EE813D00047129 /* testmidi1.mid */,
				37B26E9116E4FE69003A5CA3 /* santa.mid */,
			);
			name = "MIDI Files";
			sourceTree = "<group>";
		};
		6F63EFBE16CC7BB20017F72E = {
			isa = PBXGroup;
			children = (
				6F63EFD016CC7BB20017F72E /* On Pitch */,
				6F63EFC916CC7BB20017F72E /* Frameworks */,
				6F63EFC816CC7BB20017F72E /* Products */,
			);
			sourceTree = "<group>";
		};
		6F63EFC816CC7BB20017F72E /* Products */ = {
			isa = PBXGroup;
			children = (
				6F63EFC716CC7BB20017F72E /* On Pitch.app */,
			);
			name = Products;
			sourceTree = "<group>";
		};
		6F63EFC916CC7BB20017F72E /* Frameworks */ = {
			isa = PBXGroup;
			children = (
				6FB56F37170DD8240041712F /* Crashlytics.framework */,
				37E3C36716F795B000314255 /* Security.framework */,
				37E3C36516F7959400314255 /* DropboxSDK.framework */,
				6FFE9DA416DDB5B40025D71E /* QuartzCore.framework */,
				6FFE9DA216DDB5A30025D71E /* AudioToolbox.framework */,
				6F63EFF116CC7C120017F72E /* Accelerate.framework */,
				6F63EFEF16CC7C050017F72E /* AVFoundation.framework */,
				6F63EFCA16CC7BB20017F72E /* UIKit.framework */,
				6F63EFCC16CC7BB20017F72E /* Foundation.framework */,
				6F63EFCE16CC7BB20017F72E /* CoreGraphics.framework */,
			);
			name = Frameworks;
			sourceTree = "<group>";
		};
		6F63EFD016CC7BB20017F72E /* On Pitch */ = {
			isa = PBXGroup;
			children = (
				6F63EFD916CC7BB20017F72E /* OPAppDelegate.h */,
				6F63EFDA16CC7BB20017F72E /* OPAppDelegate.m */,
				6F63EFE216CC7BB20017F72E /* MainStoryboard.storyboard */,
				6F63EFE516CC7BB20017F72E /* OPViewController.h */,
				6F63EFE616CC7BB20017F72E /* OPViewController.m */,
				6F5C3CA21700A98600EC334D /* OPSamplePlayer.h */,
				6F5C3CA31700A98600EC334D /* OPSamplePlayer.m */,
				3722503416EE64B70033D294 /* OPSongView.h */,
				3722503516EE64B70033D294 /* OPSongView.m */,
				6FFD084C16ED73B20011439E /* OPFeedbackView.h */,
				6FFD084D16ED73B20011439E /* OPFeedbackView.m */,
				6FF5342216F2B7E30025B606 /* OPFFTView.h */,
				6FF5342316F2B7E30025B606 /* OPFFTView.m */,
				6FFD084A16ED72D70011439E /* Input Handling */,
				6FFD084916ED72C70011439E /* Song Structure */,
				6FFD084B16ED72E80011439E /* Metronome */,
				37B26E9316E4FE6D003A5CA3 /* Resources */,
				6F63EFD116CC7BB20017F72E /* Supporting Files */,
			);
			path = "On Pitch";
			sourceTree = "<group>";
		};
		6F63EFD116CC7BB20017F72E /* Supporting Files */ = {
			isa = PBXGroup;
			children = (
				6FFE9D8516DDADD30025D71E /* Audio Helpers */,
				6F63EFD216CC7BB20017F72E /* On Pitch-Info.plist */,
				6F63EFD316CC7BB20017F72E /* InfoPlist.strings */,
				6F63EFD616CC7BB20017F72E /* main.m */,
				6F63EFD816CC7BB20017F72E /* On Pitch-Prefix.pch */,
				6F63EFDC16CC7BB20017F72E /* Default.png */,
				6F63EFDE16CC7BB20017F72E /* Default@2x.png */,
				6F63EFE016CC7BB20017F72E /* Default-568h@2x.png */,
			);
			name = "Supporting Files";
			sourceTree = "<group>";
		};
		6FFD084916ED72C70011439E /* Song Structure */ = {
			isa = PBXGroup;
			children = (
				6F5C3C9F1700982F00EC334D /* OPSongPlayer.h */,
				6F5C3CA01700982F00EC334D /* OPSongPlayer.m */,
				37B26E8D16E4FCFA003A5CA3 /* OPSong.h */,
				37B26E8E16E4FCFA003A5CA3 /* OPSong.m */,
				6F85174616DDE2B2001915CC /* OPNote.h */,
				6F85174716DDE2B2001915CC /* OPNote.m */,
				6F85174916DDE6C5001915CC /* OPNoteTranslator.h */,
				6F85174A16DDE6C5001915CC /* OPNoteTranslator.m */,
				37B26E8F16E4FD13003A5CA3 /* OPMIDIParser.h */,
				37B26E9016E4FD13003A5CA3 /* OPMIDIParser.m */,
			);
			name = "Song Structure";
			sourceTree = "<group>";
		};
		6FFD084A16ED72D70011439E /* Input Handling */ = {
			isa = PBXGroup;
			children = (
				6FFE9D7B16DD90BE0025D71E /* OPMicInput.h */,
				6FFE9D7C16DD90BE0025D71E /* OPMicInput.mm */,
				6FF5342516F2BA140025B606 /* OPAudioHandler.h */,
				6FF5342616F2BA140025B606 /* OPAudioHandler.mm */,
			);
			name = "Input Handling";
			sourceTree = "<group>";
		};
		6FFD084B16ED72E80011439E /* Metronome */ = {
			isa = PBXGroup;
			children = (
				6FFD084416ED33BB0011439E /* OPMetronome.h */,
				6FFD084516ED33BB0011439E /* OPMetronome.m */,
				6F46D0E816F02FC7003BB603 /* OPTimer.h */,
				6F46D0E916F02FC7003BB603 /* OPTimer.m */,
			);
			name = Metronome;
			sourceTree = "<group>";
		};
		6FFE9D8516DDADD30025D71E /* Audio Helpers */ = {
			isa = PBXGroup;
			children = (
				6FFE9DAF16DDC2FA0025D71E /* FFT */,
				6FFE9D9416DDB1350025D71E /* CADebugPrintf.h */,
				6FFE9D9316DDB1350025D71E /* CADebugPrintf.cpp */,
				6F19BBE816DEBACA000BD656 /* CABitOperations.h */,
				6F19BBE916DEBACA000BD656 /* CADebugMacros.h */,
				6F19BBEA16DEBACA000BD656 /* CADebugMacros.cpp */,
				6F19BBEB16DEBACA000BD656 /* CAXException.h */,
				6F19BBEC16DEBACA000BD656 /* CAXException.cpp */,
				6F19BBED16DEBACA000BD656 /* CAMath.h */,
				6F19BBEE16DEBACA000BD656 /* CAStreamBasicDescription.h */,
				6F19BBEF16DEBACA000BD656 /* CAStreamBasicDescription.cpp */,
				6FFE9D9116DDB02C0025D71E /* OPAudioHandlerCPP.h */,
				6FFE9D9016DDB02C0025D71E /* OPAudioHandlerCPP.mm */,
			);
			name = "Audio Helpers";
			sourceTree = "<group>";
		};
		6FFE9DAF16DDC2FA0025D71E /* FFT */ = {
			isa = PBXGroup;
			children = (
				6FFE9DA616DDC23E0025D71E /* FFTBufferManager.h */,
				6FFE9DA716DDC23E0025D71E /* FFTBufferManager.cpp */,
			);
			name = FFT;
			sourceTree = "<group>";
		};
		B54E23CB16EE748800335F2F /* Images */ = {
			isa = PBXGroup;
			children = (
				B586C2C1172462C300562A5F /* Slices */,
			);
			name = Images;
			sourceTree = "<group>";
		};
		B586C2C1172462C300562A5F /* Slices */ = {
			isa = PBXGroup;
			children = (
				B552352E1729CC7300447F15 /* BUTTON_DROPBOX.png */,
				B552352F1729CC7300447F15 /* BUTTON_DROPBOX@2x.png */,
				B552352A1729C7EB00447F15 /* BUTTON_CLEAR.png */,
				B552352B1729C7EB00447F15 /* BUTTON_CLEAR@2x.png */,
				B55235281729C75100447F15 /* BUTTON_LOAD.png */,
				B55235241729C6F900447F15 /* VOLUME_MEASURE.png */,
				B55235251729C6F900447F15 /* VOLUME_MEASURE@2x.png */,
				B55235201729C67B00447F15 /* BUTTON_ONPITCH.png */,
				B55235211729C67B00447F15 /* BUTTON_ONPITCH@2x.png */,
				B552351E1729C44900447F15 /* ICON_ONPITCH.png */,
				B552351A1729C0FA00447F15 /* TEXT_FILE.png */,
				B552351B1729C0FA00447F15 /* TEXT_FILE@2x.png */,
				B55235161729BD4B00447F15 /* CONTAINER_VOLUME.png */,
				B55235171729BD4B00447F15 /* CONTAINER_VOLUME@2x.png */,
				B55235121729BB5F00447F15 /* TEXT_VOLUME.png */,
				B55235131729BB5F00447F15 /* TEXT_VOLUME@2x.png */,
				B55235101729B95400447F15 /* TAPE_PLAYER.png */,
				B552350C1729B68500447F15 /* CONTAINER_METRONOME.png */,
				B552350D1729B68500447F15 /* CONTAINER_METRONOME@2x.png */,
				B55235081729B58600447F15 /* BUTTON_ONOFF.png */,
				B55235091729B58600447F15 /* BUTTON_ONOFF@2x.png */,
				B55235041729B46D00447F15 /* TEXT_METRONOME.png */,
				B55235051729B46D00447F15 /* TEXT_METRONOME@2x.png */,
				B55234FE1729B32700447F15 /* SLIDER_CAP_LEFT.png */,
				B55234FF1729B32700447F15 /* SLIDER_CAP_RIGHT.png */,
				B55235001729B32700447F15 /* SLIDER_HEAD_FINAL.png */,
				B55234FA172973F700447F15 /* TEXT_TRANSPORT.png */,
				B55234FB172973F700447F15 /* TEXT_TRANSPORT@2x.png */,
				B55234F8172972AF00447F15 /* SHAPE_LINE@2x.png */,
				B55234F61729729E00447F15 /* SHAPE_LINE.png */,
				B55234F217296FED00447F15 /* BUTTON_FF.png */,
				B55234F317296FED00447F15 /* BUTTON_REW.png */,
				B55234F017296E8C00447F15 /* BUTTON_REC.png */,
				B5E041F71728301200FB81C7 /* BUTTON_PLAY.png */,
				B5E041F3172738A800FB81C7 /* SCREEN.png */,
				B5E041F4172738A800FB81C7 /* SCREEN@2x.png */,
				B5E041DF172734F500FB81C7 /* BUTTON_FF@2x.png */,
				B5E041E0172734F500FB81C7 /* BUTTON_LOAD@2x.png */,
				B5E041E2172734F500FB81C7 /* BUTTON_PLAY@2x.png */,
				B5E041E3172734F500FB81C7 /* BUTTON_REC@2x.png */,
				B5E041E4172734F500FB81C7 /* BUTTON_REW@2x.png */,
				B5E041E5172734F500FB81C7 /* SLIDER_CAP_LEFT@2x.png */,
				B5E041E6172734F500FB81C7 /* SLIDER_CAP_RIGHT@2x.png */,
				B5E041E7172734F500FB81C7 /* SLIDER_HEAD_FINAL@2x.png */,
				B5E041E8172734F600FB81C7 /* TAPE_PLAYER@2x.png */,
				B5E041DD17272E6700FB81C7 /* TEXTUREDBG.png */,
				B586C2C2172462C300562A5F /* TEXTUREDBG@2x.png */,
			);
			path = Slices;
			sourceTree = "<group>";
		};
/* End PBXGroup section */

/* Begin PBXNativeTarget section */
		6F63EFC616CC7BB20017F72E /* On Pitch */ = {
			isa = PBXNativeTarget;
			buildConfigurationList = 6F63EFEA16CC7BB20017F72E /* Build configuration list for PBXNativeTarget "On Pitch" */;
			buildPhases = (
				6F63EFC316CC7BB20017F72E /* Sources */,
				6F63EFC416CC7BB20017F72E /* Frameworks */,
				6F63EFC516CC7BB20017F72E /* Resources */,
				6FB56F36170DD6720041712F /* ShellScript */,
			);
			buildRules = (
			);
			dependencies = (
			);
			name = "On Pitch";
			productName = "On Pitch";
			productReference = 6F63EFC716CC7BB20017F72E /* On Pitch.app */;
			productType = "com.apple.product-type.application";
		};
/* End PBXNativeTarget section */

/* Begin PBXProject section */
		6F63EFBF16CC7BB20017F72E /* Project object */ = {
			isa = PBXProject;
			attributes = {
				CLASSPREFIX = OP;
				LastUpgradeCheck = 0460;
				ORGANIZATIONNAME = "Tufts Dev Team";
			};
			buildConfigurationList = 6F63EFC216CC7BB20017F72E /* Build configuration list for PBXProject "On Pitch" */;
			compatibilityVersion = "Xcode 3.2";
			developmentRegion = English;
			hasScannedForEncodings = 0;
			knownRegions = (
				en,
			);
			mainGroup = 6F63EFBE16CC7BB20017F72E;
			productRefGroup = 6F63EFC816CC7BB20017F72E /* Products */;
			projectDirPath = "";
			projectRoot = "";
			targets = (
				6F63EFC616CC7BB20017F72E /* On Pitch */,
			);
		};
/* End PBXProject section */

/* Begin PBXResourcesBuildPhase section */
		6F63EFC516CC7BB20017F72E /* Resources */ = {
			isa = PBXResourcesBuildPhase;
			buildActionMask = 2147483647;
			files = (
				6F63EFD516CC7BB20017F72E /* InfoPlist.strings in Resources */,
				6F63EFDD16CC7BB20017F72E /* Default.png in Resources */,
				6F63EFDF16CC7BB20017F72E /* Default@2x.png in Resources */,
				6F63EFE116CC7BB20017F72E /* Default-568h@2x.png in Resources */,
				6F63EFE416CC7BB20017F72E /* MainStoryboard.storyboard in Resources */,
				37B26E9216E4FE69003A5CA3 /* santa.mid in Resources */,
				6FFD084816ED34080011439E /* click.wav in Resources */,
				3723970016EE813D00047129 /* testmidi1.mid in Resources */,
				3768E9A41727303200E4367F /* click2.wav in Resources */,
				B586C2C3172462C300562A5F /* TEXTUREDBG@2x.png in Resources */,
				B5E041DE17272E6700FB81C7 /* TEXTUREDBG.png in Resources */,
				B5E041E9172734F600FB81C7 /* BUTTON_FF@2x.png in Resources */,
				B5E041EA172734F600FB81C7 /* BUTTON_LOAD@2x.png in Resources */,
				B5E041EC172734F600FB81C7 /* BUTTON_PLAY@2x.png in Resources */,
				B5E041ED172734F600FB81C7 /* BUTTON_REC@2x.png in Resources */,
				B5E041EE172734F600FB81C7 /* BUTTON_REW@2x.png in Resources */,
				B5E041EF172734F600FB81C7 /* SLIDER_CAP_LEFT@2x.png in Resources */,
				B5E041F0172734F600FB81C7 /* SLIDER_CAP_RIGHT@2x.png in Resources */,
				B5E041F1172734F600FB81C7 /* SLIDER_HEAD_FINAL@2x.png in Resources */,
				B5E041F2172734F600FB81C7 /* TAPE_PLAYER@2x.png in Resources */,
				B5E041F5172738A800FB81C7 /* SCREEN.png in Resources */,
				B5E041F6172738A800FB81C7 /* SCREEN@2x.png in Resources */,
				B5E041F81728301200FB81C7 /* BUTTON_PLAY.png in Resources */,
				B55234F117296E8C00447F15 /* BUTTON_REC.png in Resources */,
				B55234F417296FED00447F15 /* BUTTON_FF.png in Resources */,
				B55234F517296FED00447F15 /* BUTTON_REW.png in Resources */,
				B55234F71729729E00447F15 /* SHAPE_LINE.png in Resources */,
				B55234F9172972AF00447F15 /* SHAPE_LINE@2x.png in Resources */,
				B55234FC172973F700447F15 /* TEXT_TRANSPORT.png in Resources */,
				B55234FD172973F700447F15 /* TEXT_TRANSPORT@2x.png in Resources */,
				B55235011729B32700447F15 /* SLIDER_CAP_LEFT.png in Resources */,
				B55235021729B32700447F15 /* SLIDER_CAP_RIGHT.png in Resources */,
				B55235031729B32700447F15 /* SLIDER_HEAD_FINAL.png in Resources */,
				B55235061729B46D00447F15 /* TEXT_METRONOME.png in Resources */,
				B55235071729B46D00447F15 /* TEXT_METRONOME@2x.png in Resources */,
				B552350A1729B58600447F15 /* BUTTON_ONOFF.png in Resources */,
				B552350B1729B58600447F15 /* BUTTON_ONOFF@2x.png in Resources */,
				B552350E1729B68500447F15 /* CONTAINER_METRONOME.png in Resources */,
				B552350F1729B68500447F15 /* CONTAINER_METRONOME@2x.png in Resources */,
				B55235111729B95400447F15 /* TAPE_PLAYER.png in Resources */,
				B55235141729BB5F00447F15 /* TEXT_VOLUME.png in Resources */,
				B55235151729BB5F00447F15 /* TEXT_VOLUME@2x.png in Resources */,
				B55235181729BD4B00447F15 /* CONTAINER_VOLUME.png in Resources */,
				B55235191729BD4B00447F15 /* CONTAINER_VOLUME@2x.png in Resources */,
				B552351C1729C0FA00447F15 /* TEXT_FILE.png in Resources */,
				B552351D1729C0FA00447F15 /* TEXT_FILE@2x.png in Resources */,
				B552351F1729C44900447F15 /* ICON_ONPITCH.png in Resources */,
				B55235221729C67B00447F15 /* BUTTON_ONPITCH.png in Resources */,
				B55235231729C67B00447F15 /* BUTTON_ONPITCH@2x.png in Resources */,
				B55235261729C6F900447F15 /* VOLUME_MEASURE.png in Resources */,
				B55235271729C6F900447F15 /* VOLUME_MEASURE@2x.png in Resources */,
				B55235291729C75100447F15 /* BUTTON_LOAD.png in Resources */,
				B552352C1729C7EB00447F15 /* BUTTON_CLEAR.png in Resources */,
				B552352D1729C7EB00447F15 /* BUTTON_CLEAR@2x.png in Resources */,
				B55235301729CC7300447F15 /* BUTTON_DROPBOX.png in Resources */,
				B55235311729CC7300447F15 /* BUTTON_DROPBOX@2x.png in Resources */,
			);
			runOnlyForDeploymentPostprocessing = 0;
		};
/* End PBXResourcesBuildPhase section */

/* Begin PBXShellScriptBuildPhase section */
		6FB56F36170DD6720041712F /* ShellScript */ = {
			isa = PBXShellScriptBuildPhase;
			buildActionMask = 2147483647;
			files = (
			);
			inputPaths = (
			);
			outputPaths = (
			);
			runOnlyForDeploymentPostprocessing = 0;
			shellPath = /bin/sh;
			shellScript = "./Crashlytics.framework/run 2696b6180c803c2901bd36859ff21f19420506cb";
		};
/* End PBXShellScriptBuildPhase section */

/* Begin PBXSourcesBuildPhase section */
		6F63EFC316CC7BB20017F72E /* Sources */ = {
			isa = PBXSourcesBuildPhase;
			buildActionMask = 2147483647;
			files = (
				37B26E9616E4FED0003A5CA3 /* OPMIDIParser.m in Sources */,
				37B26E9516E4FECA003A5CA3 /* OPSong.m in Sources */,
				6F63EFD716CC7BB20017F72E /* main.m in Sources */,
				6F63EFDB16CC7BB20017F72E /* OPAppDelegate.m in Sources */,
				6F63EFE716CC7BB20017F72E /* OPViewController.m in Sources */,
				6FFE9D7D16DD90BE0025D71E /* OPMicInput.mm in Sources */,
				6FFE9D9216DDB02C0025D71E /* OPAudioHandlerCPP.mm in Sources */,
				6FFE9D9516DDB1350025D71E /* CADebugPrintf.cpp in Sources */,
				6FFE9DA816DDC23E0025D71E /* FFTBufferManager.cpp in Sources */,
				6F85174816DDE2B2001915CC /* OPNote.m in Sources */,
				6F85174B16DDE6C5001915CC /* OPNoteTranslator.m in Sources */,
				6F19BBF016DEBACA000BD656 /* CADebugMacros.cpp in Sources */,
				6F19BBF116DEBACA000BD656 /* CAXException.cpp in Sources */,
				6F19BBF216DEBACA000BD656 /* CAStreamBasicDescription.cpp in Sources */,
				6FFD084616ED33BB0011439E /* OPMetronome.m in Sources */,
				6FFD084E16ED73B20011439E /* OPFeedbackView.m in Sources */,
				3722503616EE64B70033D294 /* OPSongView.m in Sources */,
				6F46D0EA16F02FC7003BB603 /* OPTimer.m in Sources */,
				6FF5342416F2B7E30025B606 /* OPFFTView.m in Sources */,
				6FF5342716F2BA140025B606 /* OPAudioHandler.mm in Sources */,
				6F5C3CA11700982F00EC334D /* OPSongPlayer.m in Sources */,
				6F5C3CA41700A98600EC334D /* OPSamplePlayer.m in Sources */,
			);
			runOnlyForDeploymentPostprocessing = 0;
		};
/* End PBXSourcesBuildPhase section */

/* Begin PBXVariantGroup section */
		6F63EFD316CC7BB20017F72E /* InfoPlist.strings */ = {
			isa = PBXVariantGroup;
			children = (
				6F63EFD416CC7BB20017F72E /* en */,
			);
			name = InfoPlist.strings;
			sourceTree = "<group>";
		};
		6F63EFE216CC7BB20017F72E /* MainStoryboard.storyboard */ = {
			isa = PBXVariantGroup;
			children = (
				6F63EFE316CC7BB20017F72E /* en */,
			);
			name = MainStoryboard.storyboard;
			sourceTree = "<group>";
		};
/* End PBXVariantGroup section */

/* Begin XCBuildConfiguration section */
		6F63EFE816CC7BB20017F72E /* Debug */ = {
			isa = XCBuildConfiguration;
			buildSettings = {
				ALWAYS_SEARCH_USER_PATHS = NO;
				CLANG_CXX_LANGUAGE_STANDARD = "gnu++0x";
				CLANG_CXX_LIBRARY = "libc++";
				CLANG_ENABLE_OBJC_ARC = YES;
				CLANG_WARN_CONSTANT_CONVERSION = YES;
				CLANG_WARN_EMPTY_BODY = YES;
				CLANG_WARN_ENUM_CONVERSION = YES;
				CLANG_WARN_INT_CONVERSION = YES;
				CLANG_WARN__DUPLICATE_METHOD_MATCH = YES;
				"CODE_SIGN_IDENTITY[sdk=iphoneos*]" = "iPhone Developer";
				COPY_PHASE_STRIP = NO;
				GCC_C_LANGUAGE_STANDARD = gnu99;
				GCC_DYNAMIC_NO_PIC = NO;
				GCC_OPTIMIZATION_LEVEL = 0;
				GCC_PREPROCESSOR_DEFINITIONS = (
					"DEBUG=1",
					"$(inherited)",
				);
				GCC_SYMBOLS_PRIVATE_EXTERN = NO;
				GCC_WARN_ABOUT_RETURN_TYPE = YES;
				GCC_WARN_UNINITIALIZED_AUTOS = YES;
				GCC_WARN_UNUSED_VARIABLE = YES;
				IPHONEOS_DEPLOYMENT_TARGET = 5.0;
				ONLY_ACTIVE_ARCH = YES;
				SDKROOT = iphoneos;
				TARGETED_DEVICE_FAMILY = 2;
			};
			name = Debug;
		};
		6F63EFE916CC7BB20017F72E /* Release */ = {
			isa = XCBuildConfiguration;
			buildSettings = {
				ALWAYS_SEARCH_USER_PATHS = NO;
				CLANG_CXX_LANGUAGE_STANDARD = "gnu++0x";
				CLANG_CXX_LIBRARY = "libc++";
				CLANG_ENABLE_OBJC_ARC = YES;
				CLANG_WARN_CONSTANT_CONVERSION = YES;
				CLANG_WARN_EMPTY_BODY = YES;
				CLANG_WARN_ENUM_CONVERSION = YES;
				CLANG_WARN_INT_CONVERSION = YES;
				CLANG_WARN__DUPLICATE_METHOD_MATCH = YES;
				"CODE_SIGN_IDENTITY[sdk=iphoneos*]" = "iPhone Developer";
				COPY_PHASE_STRIP = YES;
				GCC_C_LANGUAGE_STANDARD = gnu99;
				GCC_WARN_ABOUT_RETURN_TYPE = YES;
				GCC_WARN_UNINITIALIZED_AUTOS = YES;
				GCC_WARN_UNUSED_VARIABLE = YES;
				IPHONEOS_DEPLOYMENT_TARGET = 5.0;
				OTHER_CFLAGS = "-DNS_BLOCK_ASSERTIONS=1";
				SDKROOT = iphoneos;
				TARGETED_DEVICE_FAMILY = 2;
				VALIDATE_PRODUCT = YES;
			};
			name = Release;
		};
		6F63EFEB16CC7BB20017F72E /* Debug */ = {
			isa = XCBuildConfiguration;
			buildSettings = {
				CODE_SIGN_IDENTITY = "iPhone Developer";
				"CODE_SIGN_IDENTITY[sdk=iphoneos*]" = "iPhone Developer";
				FRAMEWORK_SEARCH_PATHS = (
					"$(inherited)",
					"\"$(SRCROOT)\"",
				);
				GCC_PRECOMPILE_PREFIX_HEADER = YES;
				GCC_PREFIX_HEADER = "On Pitch/On Pitch-Prefix.pch";
				GCC_THUMB_SUPPORT = NO;
				INFOPLIST_FILE = "On Pitch/On Pitch-Info.plist";
				IPHONEOS_DEPLOYMENT_TARGET = 5.0;
				PREBINDING = NO;
				PRODUCT_NAME = "$(TARGET_NAME)";
				PROVISIONING_PROFILE = "";
				"PROVISIONING_PROFILE[sdk=iphoneos*]" = "";
				WRAPPER_EXTENSION = app;
			};
			name = Debug;
		};
		6F63EFEC16CC7BB20017F72E /* Release */ = {
			isa = XCBuildConfiguration;
			buildSettings = {
				CODE_SIGN_IDENTITY = "iPhone Developer";
				"CODE_SIGN_IDENTITY[sdk=iphoneos*]" = "iPhone Developer";
				FRAMEWORK_SEARCH_PATHS = (
					"$(inherited)",
					"\"$(SRCROOT)\"",
				);
				GCC_PRECOMPILE_PREFIX_HEADER = YES;
				GCC_PREFIX_HEADER = "On Pitch/On Pitch-Prefix.pch";
				GCC_THUMB_SUPPORT = NO;
				INFOPLIST_FILE = "On Pitch/On Pitch-Info.plist";
				IPHONEOS_DEPLOYMENT_TARGET = 5.0;
				PREBINDING = NO;
				PRODUCT_NAME = "$(TARGET_NAME)";
				PROVISIONING_PROFILE = "";
				"PROVISIONING_PROFILE[sdk=iphoneos*]" = "";
				WRAPPER_EXTENSION = app;
			};
			name = Release;
		};
/* End XCBuildConfiguration section */

/* Begin XCConfigurationList section */
		6F63EFC216CC7BB20017F72E /* Build configuration list for PBXProject "On Pitch" */ = {
			isa = XCConfigurationList;
			buildConfigurations = (
				6F63EFE816CC7BB20017F72E /* Debug */,
				6F63EFE916CC7BB20017F72E /* Release */,
			);
			defaultConfigurationIsVisible = 0;
			defaultConfigurationName = Release;
		};
		6F63EFEA16CC7BB20017F72E /* Build configuration list for PBXNativeTarget "On Pitch" */ = {
			isa = XCConfigurationList;
			buildConfigurations = (
				6F63EFEB16CC7BB20017F72E /* Debug */,
				6F63EFEC16CC7BB20017F72E /* Release */,
			);
			defaultConfigurationIsVisible = 0;
			defaultConfigurationName = Release;
		};
/* End XCConfigurationList section */
	};
	rootObject = 6F63EFBF16CC7BB20017F72E /* Project object */;
}
